<?xml version="1.0" encoding="utf-8"?>
<Project ToolsVersion="4.0" xmlns="http://schemas.microsoft.com/developer/msbuild/2003">
  <ItemGroup>
    <ClCompile Include="main.cpp" />
    <ClCompile Include="proxy.cpp" />
    <ClCompile Include="cd3dfont.cpp" />
  </ItemGroup>
  <ItemGroup>
    <None Include="xinput1_3.def" />
  </ItemGroup>
  <ItemGroup>
    <ClInclude Include="cd3dfont.h" />
  </ItemGroup>
</Project>